<?xml version="1.0" encoding="utf-8"?>
<Project ToolsVersion="4.0" xmlns="http://schemas.microsoft.com/developer/msbuild/2003">
  <ItemGroup>
    <ClCompile Include="..\std\thrift\gen-cpp\PlaybackCtrlService.cpp">
      <Filter>thrift</Filter>
    </ClCompile>
    <ClCompile Include="..\std\thrift\gen-cpp\PlaybackCtrlService_constants.cpp">
      <Filter>thrift</Filter>
    </ClCompile>
    <ClCompile Include="..\std\thrift\gen-cpp\PlaybackCtrlService_types.cpp">
      <Filter>thrift</Filter>
    </ClCompile>
    <ClCompile Include="..\std\thrift\gen-cpp\PlaybackCtrlService_server.cpp">
      <Filter>thrift</Filter>
    </ClCompile>
    <ClCompile Include="main.cc">
      <Filter>src</Filter>
    </ClCompile>
    <ClCompile Include="PlaybackCtrl.cc">
      <Filter>src</Filter>
    </ClCompile>
    <ClCompile Include="FileStorage.cc">
      <Filter>src</Filter>
    </ClCompile>
    <ClCompile Include="..\std\TransportData.cc">
      <Filter>src</Filter>
    </ClCompile>
    <ClCompile Include="SinkBayerDatasCallbackImpl.cc">
      <Filter>src</Filter>
    </ClCompile>
    <ClCompile Include="..\std\MyThread.cc">
      <Filter>std</Filter>
    </ClCompile>
    <ClCompile Include="..\std\NoLockCBuffer.cpp">
      <Filter>std</Filter>
    </ClCompile>
  </ItemGroup>
  <ItemGroup>
    <ClInclude Include="..\std\thrift\gen-cpp\PlaybackCtrlService.h">
      <Filter>thrift</Filter>
    </ClInclude>
    <ClInclude Include="..\std\thrift\gen-cpp\PlaybackCtrlService_constants.h">
      <Filter>thrift</Filter>
    </ClInclude>
    <ClInclude Include="..\std\thrift\gen-cpp\PlaybackCtrlService_types.h">
      <Filter>thrift</Filter>
    </ClInclude>
    <ClInclude Include="..\std\defs.h">
      <Filter>std</Filter>
    </ClInclude>
    <ClInclude Include="..\std\MyThread.h">
      <Filter>std</Filter>
    </ClInclude>
    <ClInclude Include="..\std\utils.h">
      <Filter>std</Filter>
    </ClInclude>
    <ClInclude Include="..\std\FPSCounter.h">
      <Filter>std</Filter>
    </ClInclude>
    <ClInclude Include="PlaybackCtrl.h">
      <Filter>include</Filter>
    </ClInclude>
    <ClInclude Include="..\std\TransportData.h">
      <Filter>include</Filter>
    </ClInclude>
    <ClInclude Include="PostProcessor.h">
      <Filter>src</Filter>
    </ClInclude>
    <ClInclude Include="SinkBayerDatasCallbackImpl.h">
      <Filter>include</Filter>
    </ClInclude>
    <ClInclude Include="FileStorage.h">
      <Filter>include</Filter>
    </ClInclude>
    <ClInclude Include="..\std\NoLockCBuffer.h">
      <Filter>std</Filter>
    </ClInclude>
  </ItemGroup>
  <ItemGroup>
    <Filter Include="thrift">
      <UniqueIdentifier>{c288018e-d015-4280-8419-002c4f978f59}</UniqueIdentifier>
    </Filter>
    <Filter Include="std">
      <UniqueIdentifier>{fc340217-9224-41cc-a8bb-acf2b04ce7cf}</UniqueIdentifier>
    </Filter>
    <Filter Include="include">
      <UniqueIdentifier>{8d007f01-cec9-43cf-ba00-0968abec4b99}</UniqueIdentifier>
    </Filter>
    <Filter Include="src">
      <UniqueIdentifier>{257cbed9-304d-4f1d-be1b-60b900f4cab5}</UniqueIdentifier>
    </Filter>
  </ItemGroup>
</Project>